// !$*UTF8*$!
{
	archiveVersion = 1;
	classes = {
	};
	objectVersion = 56;
	objects = {

/* Begin PBXBuildFile section */
		11371DE22BEFC6D000A6A857 /* MetalTriangleApp.swift in Sources */ = {isa = PBXBuildFile; fileRef = 11371DE12BEFC6D000A6A857 /* MetalTriangleApp.swift */; };
		11371DE42BEFC6D000A6A857 /* ContentView.swift in Sources */ = {isa = PBXBuildFile; fileRef = 11371DE32BEFC6D000A6A857 /* ContentView.swift */; };
		11371DE62BEFC6D300A6A857 /* Assets.xcassets in Resources */ = {isa = PBXBuildFile; fileRef = 11371DE52BEFC6D300A6A857 /* Assets.xcassets */; };
		11371DE92BEFC6D300A6A857 /* Preview Assets.xcassets in Resources */ = {isa = PBXBuildFile; fileRef = 11371DE82BEFC6D300A6A857 /* Preview Assets.xcassets */; };
		11371DF02BEFC80700A6A857 /* MetalRenderer.swift in Sources */ = {isa = PBXBuildFile; fileRef = 11371DEF2BEFC80700A6A857 /* MetalRenderer.swift */; };
		11371DF42BEFD09600A6A857 /* Shaders.metal in Sources */ = {isa = PBXBuildFile; fileRef = 11371DF32BEFD09600A6A857 /* Shaders.metal */; };
		11371DF72BF0B55D00A6A857 /* MetalView.swift in Sources */ = {isa = PBXBuildFile; fileRef = 11371DF62BF0B55D00A6A857 /* MetalView.swift */; };
		11371DFB2BF0B75E00A6A857 /* Vertex.swift in Sources */ = {isa = PBXBuildFile; fileRef = 11371DFA2BF0B75E00A6A857 /* Vertex.swift */; };
		11371DFD2BF0DEDD00A6A857 /* Rotations.swift in Sources */ = {isa = PBXBuildFile; fileRef = 11371DFC2BF0DEDD00A6A857 /* Rotations.swift */; };
/* End PBXBuildFile section */

/* Begin PBXFileReference section */
		11371DDE2BEFC6D000A6A857 /* MetalTriangle.app */ = {isa = PBXFileReference; explicitFileType = wrapper.application; includeInIndex = 0; path = MetalTriangle.app; sourceTree = BUILT_PRODUCTS_DIR; };
		11371DE12BEFC6D000A6A857 /* MetalTriangleApp.swift */ = {isa = PBXFileReference; lastKnownFileType = sourcecode.swift; path = MetalTriangleApp.swift; sourceTree = "<group>"; };
		11371DE32BEFC6D000A6A857 /* ContentView.swift */ = {isa = PBXFileReference; lastKnownFileType = sourcecode.swift; path = ContentView.swift; sourceTree = "<group>"; };
		11371DE52BEFC6D300A6A857 /* Assets.xcassets */ = {isa = PBXFileReference; lastKnownFileType = folder.assetcatalog; path = Assets.xcassets; sourceTree = "<group>"; };
		11371DE82BEFC6D300A6A857 /* Preview Assets.xcassets */ = {isa = PBXFileReference; lastKnownFileType = folder.assetcatalog; path = "Preview Assets.xcassets"; sourceTree = "<group>"; };
		11371DEF2BEFC80700A6A857 /* MetalRenderer.swift */ = {isa = PBXFileReference; lastKnownFileType = sourcecode.swift; path = MetalRenderer.swift; sourceTree = "<group>"; };
		11371DF32BEFD09600A6A857 /* Shaders.metal */ = {isa = PBXFileReference; lastKnownFileType = sourcecode.metal; path = Shaders.metal; sourceTree = "<group>"; };
		11371DF62BF0B55D00A6A857 /* MetalView.swift */ = {isa = PBXFileReference; lastKnownFileType = sourcecode.swift; path = MetalView.swift; sourceTree = "<group>"; };
		11371DFA2BF0B75E00A6A857 /* Vertex.swift */ = {isa = PBXFileReference; lastKnownFileType = sourcecode.swift; path = Vertex.swift; sourceTree = "<group>"; };
		11371DFC2BF0DEDD00A6A857 /* Rotations.swift */ = {isa = PBXFileReference; lastKnownFileType = sourcecode.swift; path = Rotations.swift; sourceTree = "<group>"; };
/* End PBXFileReference section */

/* Begin PBXFrameworksBuildPhase section */
		11371DDB2BEFC6D000A6A857 /* Frameworks */ = {
			isa = PBXFrameworksBuildPhase;
			buildActionMask = 2147483647;
			files = (
			);
			runOnlyForDeploymentPostprocessing = 0;
		};
/* End PBXFrameworksBuildPhase section */

/* Begin PBXGroup section */
		11371DD52BEFC6D000A6A857 = {
			isa = PBXGroup;
			children = (
				11371DE12BEFC6D000A6A857 /* MetalTriangleApp.swift */,
				11371DE02BEFC6D000A6A857 /* MetalTriangle */,
				11371DDF2BEFC6D000A6A857 /* Products */,
			);
			sourceTree = "<group>";
		};
		11371DDF2BEFC6D000A6A857 /* Products */ = {
			isa = PBXGroup;
			children = (
				11371DDE2BEFC6D000A6A857 /* MetalTriangle.app */,
			);
			name = Products;
			sourceTree = "<group>";
		};
		11371DE02BEFC6D000A6A857 /* MetalTriangle */ = {
			isa = PBXGroup;
			children = (
				11371DF62BF0B55D00A6A857 /* MetalView.swift */,
				11371DE32BEFC6D000A6A857 /* ContentView.swift */,
				11371DFC2BF0DEDD00A6A857 /* Rotations.swift */,
				11371DEF2BEFC80700A6A857 /* MetalRenderer.swift */,
				11371DF32BEFD09600A6A857 /* Shaders.metal */,
				11371DFA2BF0B75E00A6A857 /* Vertex.swift */,
				11371DE52BEFC6D300A6A857 /* Assets.xcassets */,
				11371DE72BEFC6D300A6A857 /* Preview Content */,
			);
			path = MetalTriangle;
			sourceTree = "<group>";
		};
		11371DE72BEFC6D300A6A857 /* Preview Content */ = {
			isa = PBXGroup;
			children = (
				11371DE82BEFC6D300A6A857 /* Preview Assets.xcassets */,
			);
			path = "Preview Content";
			sourceTree = "<group>";
		};
/* End PBXGroup section */

/* Begin PBXNativeTarget section */
		11371DDD2BEFC6D000A6A857 /* MetalTriangle */ = {
			isa = PBXNativeTarget;
			buildConfigurationList = 11371DEC2BEFC6D300A6A857 /* Build configuration list for PBXNativeTarget "MetalTriangle" */;
			buildPhases = (
				11371DDA2BEFC6D000A6A857 /* Sources */,
				11371DDB2BEFC6D000A6A857 /* Frameworks */,
				11371DDC2BEFC6D000A6A857 /* Resources */,
			);
			buildRules = (
			);
			dependencies = (
			);
			name = MetalTriangle;
			productName = MetalTriangle;
			productReference = 11371DDE2BEFC6D000A6A857 /* MetalTriangle.app */;
			productType = "com.apple.product-type.application";
		};
/* End PBXNativeTarget section */

/* Begin PBXProject section */
		11371DD62BEFC6D000A6A857 /* Project object */ = {
			isa = PBXProject;
			attributes = {
				BuildIndependentTargetsInParallel = 1;
				LastSwiftUpdateCheck = 1530;
				LastUpgradeCheck = 1530;
				TargetAttributes = {
					11371DDD2BEFC6D000A6A857 = {
						CreatedOnToolsVersion = 15.3;
					};
				};
			};
			buildConfigurationList = 11371DD92BEFC6D000A6A857 /* Build configuration list for PBXProject "MetalTriangle" */;
			compatibilityVersion = "Xcode 14.0";
			developmentRegion = en;
			hasScannedForEncodings = 0;
			knownRegions = (
				en,
				Base,
			);
			mainGroup = 11371DD52BEFC6D000A6A857;
			productRefGroup = 11371DDF2BEFC6D000A6A857 /* Products */;
			projectDirPath = "";
			projectRoot = "";
			targets = (
				11371DDD2BEFC6D000A6A857 /* MetalTriangle */,
			);
		};
/* End PBXProject section */

/* Begin PBXResourcesBuildPhase section */
		11371DDC2BEFC6D000A6A857 /* Resources */ = {
			isa = PBXResourcesBuildPhase;
			buildActionMask = 2147483647;
			files = (
				11371DE92BEFC6D300A6A857 /* Preview Assets.xcassets in Resources */,
				11371DE62BEFC6D300A6A857 /* Assets.xcassets in Resources */,
			);
			runOnlyForDeploymentPostprocessing = 0;
		};
/* End PBXResourcesBuildPhase section */

/* Begin PBXSourcesBuildPhase section */
		11371DDA2BEFC6D000A6A857 /* Sources */ = {
			isa = PBXSourcesBuildPhase;
			buildActionMask = 2147483647;
			files = (
				11371DF42BEFD09600A6A857 /* Shaders.metal in Sources */,
				11371DE42BEFC6D000A6A857 /* ContentView.swift in Sources */,
				11371DF72BF0B55D00A6A857 /* MetalView.swift in Sources */,
				11371DFD2BF0DEDD00A6A857 /* Rotations.swift in Sources */,
				11371DF02BEFC80700A6A857 /* MetalRenderer.swift in Sources */,
				11371DE22BEFC6D000A6A857 /* MetalTriangleApp.swift in Sources */,
				11371DFB2BF0B75E00A6A857 /* Vertex.swift in Sources */,
			);
			runOnlyForDeploymentPostprocessing = 0;
		};
/* End PBXSourcesBuildPhase section */

/* Begin XCBuildConfiguration section */
		11371DEA2BEFC6D300A6A857 /* Debug */ = {
			isa = XCBuildConfiguration;
			buildSettings = {
				ALWAYS_SEARCH_USER_PATHS = NO;
				ASSETCATALOG_COMPILER_GENERATE_SWIFT_ASSET_SYMBOL_EXTENSIONS = YES;
				CLANG_ANALYZER_NONNULL = YES;
				CLANG_ANALYZER_NUMBER_OBJECT_CONVERSION = YES_AGGRESSIVE;
				CLANG_CXX_LANGUAGE_STANDARD = "gnu++20";
				CLANG_ENABLE_MODULES = YES;
				CLANG_ENABLE_OBJC_ARC = YES;
				CLANG_ENABLE_OBJC_WEAK = YES;
				CLANG_WARN_BLOCK_CAPTURE_AUTORELEASING = YES;
				CLANG_WARN_BOOL_CONVERSION = YES;
				CLANG_WARN_COMMA = YES;
				CLANG_WARN_CONSTANT_CONVERSION = YES;
				CLANG_WARN_DEPRECATED_OBJC_IMPLEMENTATIONS = YES;
				CLANG_WARN_DIRECT_OBJC_ISA_USAGE = YES_ERROR;
				CLANG_WARN_DOCUMENTATION_COMMENTS = YES;
				CLANG_WARN_EMPTY_BODY = YES;
				CLANG_WARN_ENUM_CONVERSION = YES;
				CLANG_WARN_INFINITE_RECURSION = YES;
				CLANG_WARN_INT_CONVERSION = YES;
				CLANG_WARN_NON_LITERAL_NULL_CONVERSION = YES;
				CLANG_WARN_OBJC_IMPLICIT_RETAIN_SELF = YES;
				CLANG_WARN_OBJC_LITERAL_CONVERSION = YES;
				CLANG_WARN_OBJC_ROOT_CLASS = YES_ERROR;
				CLANG_WARN_QUOTED_INCLUDE_IN_FRAMEWORK_HEADER = YES;
				CLANG_WARN_RANGE_LOOP_ANALYSIS = YES;
				CLANG_WARN_STRICT_PROTOTYPES = YES;
				CLANG_WARN_SUSPICIOUS_MOVE = YES;
				CLANG_WARN_UNGUARDED_AVAILABILITY = YES_AGGRESSIVE;
				CLANG_WARN_UNREACHABLE_CODE = YES;
				CLANG_WARN__DUPLICATE_METHOD_MATCH = YES;
				COPY_PHASE_STRIP = NO;
				DEBUG_INFORMATION_FORMAT = dwarf;
				ENABLE_STRICT_OBJC_MSGSEND = YES;
				ENABLE_TESTABILITY = YES;
				ENABLE_USER_SCRIPT_SANDBOXING = YES;
				GCC_C_LANGUAGE_STANDARD = gnu17;
				GCC_DYNAMIC_NO_PIC = NO;
				GCC_NO_COMMON_BLOCKS = YES;
				GCC_OPTIMIZATION_LEVEL = 0;
				GCC_PREPROCESSOR_DEFINITIONS = (
					"DEBUG=1",
					"$(inherited)",
				);
				GCC_WARN_64_TO_32_BIT_CONVERSION = YES;
				GCC_WARN_ABOUT_RETURN_TYPE = YES_ERROR;
				GCC_WARN_UNDECLARED_SELECTOR = YES;
				GCC_WARN_UNINITIALIZED_AUTOS = YES_AGGRESSIVE;
				GCC_WARN_UNUSED_FUNCTION = YES;
				GCC_WARN_UNUSED_VARIABLE = YES;
				IPHONEOS_DEPLOYMENT_TARGET = 17.4;
				LOCALIZATION_PREFERS_STRING_CATALOGS = YES;
				MTL_ENABLE_DEBUG_INFO = INCLUDE_SOURCE;
				MTL_FAST_MATH = YES;
				ONLY_ACTIVE_ARCH = YES;
				SDKROOT = iphoneos;
				SWIFT_ACTIVE_COMPILATION_CONDITIONS = "DEBUG $(inherited)";
				SWIFT_OPTIMIZATION_LEVEL = "-Onone";
			};
			name = Debug;
		};
		11371DEB2BEFC6D300A6A857 /* Release */ = {
			isa = XCBuildConfiguration;
			buildSettings = {
				ALWAYS_SEARCH_USER_PATHS = NO;
				ASSETCATALOG_COMPILER_GENERATE_SWIFT_ASSET_SYMBOL_EXTENSIONS = YES;
				CLANG_ANALYZER_NONNULL = YES;
				CLANG_ANALYZER_NUMBER_OBJECT_CONVERSION = YES_AGGRESSIVE;
				CLANG_CXX_LANGUAGE_STANDARD = "gnu++20";
				CLANG_ENABLE_MODULES = YES;
				CLANG_ENABLE_OBJC_ARC = YES;
				CLANG_ENABLE_OBJC_WEAK = YES;
				CLANG_WARN_BLOCK_CAPTURE_AUTORELEASING = YES;
				CLANG_WARN_BOOL_CONVERSION = YES;
				CLANG_WARN_COMMA = YES;
				CLANG_WARN_CONSTANT_CONVERSION = YES;
				CLANG_WARN_DEPRECATED_OBJC_IMPLEMENTATIONS = YES;
				CLANG_WARN_DIRECT_OBJC_ISA_USAGE = YES_ERROR;
				CLANG_WARN_DOCUMENTATION_COMMENTS = YES;
				CLANG_WARN_EMPTY_BODY = YES;
				CLANG_WARN_ENUM_CONVERSION = YES;
				CLANG_WARN_INFINITE_RECURSION = YES;
				CLANG_WARN_INT_CONVERSION = YES;
				CLANG_WARN_NON_LITERAL_NULL_CONVERSION = YES;
				CLANG_WARN_OBJC_IMPLICIT_RETAIN_SELF = YES;
				CLANG_WARN_OBJC_LITERAL_CONVERSION = YES;
				CLANG_WARN_OBJC_ROOT_CLASS = YES_ERROR;
				CLANG_WARN_QUOTED_INCLUDE_IN_FRAMEWORK_HEADER = YES;
				CLANG_WARN_RANGE_LOOP_ANALYSIS = YES;
				CLANG_WARN_STRICT_PROTOTYPES = YES;
				CLANG_WARN_SUSPICIOUS_MOVE = YES;
				CLANG_WARN_UNGUARDED_AVAILABILITY = YES_AGGRESSIVE;
				CLANG_WARN_UNREACHABLE_CODE = YES;
				CLANG_WARN__DUPLICATE_METHOD_MATCH = YES;
				COPY_PHASE_STRIP = NO;
				DEBUG_INFORMATION_FORMAT = "dwarf-with-dsym";
				ENABLE_NS_ASSERTIONS = NO;
				ENABLE_STRICT_OBJC_MSGSEND = YES;
				ENABLE_USER_SCRIPT_SANDBOXING = YES;
				GCC_C_LANGUAGE_STANDARD = gnu17;
				GCC_NO_COMMON_BLOCKS = YES;
				GCC_WARN_64_TO_32_BIT_CONVERSION = YES;
				GCC_WARN_ABOUT_RETURN_TYPE = YES_ERROR;
				GCC_WARN_UNDECLARED_SELECTOR = YES;
				GCC_WARN_UNINITIALIZED_AUTOS = YES_AGGRESSIVE;
				GCC_WARN_UNUSED_FUNCTION = YES;
				GCC_WARN_UNUSED_VARIABLE = YES;
				IPHONEOS_DEPLOYMENT_TARGET = 17.4;
				LOCALIZATION_PREFERS_STRING_CATALOGS = YES;
				MTL_ENABLE_DEBUG_INFO = NO;
				MTL_FAST_MATH = YES;
				SDKROOT = iphoneos;
				SWIFT_COMPILATION_MODE = wholemodule;
				VALIDATE_PRODUCT = YES;
			};
			name = Release;
		};
		11371DED2BEFC6D300A6A857 /* Debug */ = {
			isa = XCBuildConfiguration;
			buildSettings = {
				ASSETCATALOG_COMPILER_APPICON_NAME = AppIcon;
				ASSETCATALOG_COMPILER_GLOBAL_ACCENT_COLOR_NAME = AccentColor;
				CODE_SIGN_STYLE = Automatic;
				CURRENT_PROJECT_VERSION = 1;
				DEVELOPMENT_ASSET_PATHS = "\"MetalTriangle/Preview Content\"";
				DEVELOPMENT_TEAM = 98PF56WUUN;
				ENABLE_PREVIEWS = YES;
				GENERATE_INFOPLIST_FILE = YES;
				INFOPLIST_KEY_UIApplicationSceneManifest_Generation = YES;
				INFOPLIST_KEY_UIApplicationSupportsIndirectInputEvents = YES;
				INFOPLIST_KEY_UILaunchScreen_Generation = YES;
				INFOPLIST_KEY_UISupportedInterfaceOrientations_iPad = "UIInterfaceOrientationPortrait UIInterfaceOrientationPortraitUpsideDown UIInterfaceOrientationLandscapeLeft UIInterfaceOrientationLandscapeRight";
				INFOPLIST_KEY_UISupportedInterfaceOrientations_iPhone = "UIInterfaceOrientationPortrait UIInterfaceOrientationLandscapeLeft UIInterfaceOrientationLandscapeRight";
				LD_RUNPATH_SEARCH_PATHS = (
					"$(inherited)",
					"@executable_path/Frameworks",
				);
				MARKETING_VERSION = 1.0;
				PRODUCT_BUNDLE_IDENTIFIER = com.rajveersingh.MetalTriangle;
				PRODUCT_NAME = "$(TARGET_NAME)";
				SWIFT_EMIT_LOC_STRINGS = YES;
				SWIFT_OBJC_BRIDGING_HEADER = "";
				SWIFT_VERSION = 5.0;
				TARGETED_DEVICE_FAMILY = "1,2";
			};
			name = Debug;
		};
		11371DEE2BEFC6D300A6A857 /* Release */ = {
			isa = XCBuildConfiguration;
			buildSettings = {
				ASSETCATALOG_COMPILER_APPICON_NAME = AppIcon;
				ASSETCATALOG_COMPILER_GLOBAL_ACCENT_COLOR_NAME = AccentColor;
				CODE_SIGN_STYLE = Automatic;
				CURRENT_PROJECT_VERSION = 1;
				DEVELOPMENT_ASSET_PATHS = "\"MetalTriangle/Preview Content\"";
				DEVELOPMENT_TEAM = 98PF56WUUN;
				ENABLE_PREVIEWS = YES;
				GENERATE_INFOPLIST_FILE = YES;
				INFOPLIST_KEY_UIApplicationSceneManifest_Generation = YES;
				INFOPLIST_KEY_UIApplicationSupportsIndirectInputEvents = YES;
				INFOPLIST_KEY_UILaunchScreen_Generation = YES;
				INFOPLIST_KEY_UISupportedInterfaceOrientations_iPad = "UIInterfaceOrientationPortrait UIInterfaceOrientationPortraitUpsideDown UIInterfaceOrientationLandscapeLeft UIInterfaceOrientationLandscapeRight";
				INFOPLIST_KEY_UISupportedInterfaceOrientations_iPhone = "UIInterfaceOrientationPortrait UIInterfaceOrientationLandscapeLeft UIInterfaceOrientationLandscapeRight";
				LD_RUNPATH_SEARCH_PATHS = (
					"$(inherited)",
					"@executable_path/Frameworks",
				);
				MARKETING_VERSION = 1.0;
				PRODUCT_BUNDLE_IDENTIFIER = com.rajveersingh.MetalTriangle;
				PRODUCT_NAME = "$(TARGET_NAME)";
				SWIFT_EMIT_LOC_STRINGS = YES;
				SWIFT_OBJC_BRIDGING_HEADER = "";
				SWIFT_VERSION = 5.0;
				TARGETED_DEVICE_FAMILY = "1,2";
			};
			name = Release;
		};
/* End XCBuildConfiguration section */

/* Begin XCConfigurationList section */
		11371DD92BEFC6D000A6A857 /* Build configuration list for PBXProject "MetalTriangle" */ = {
			isa = XCConfigurationList;
			buildConfigurations = (
				11371DEA2BEFC6D300A6A857 /* Debug */,
				11371DEB2BEFC6D300A6A857 /* Release */,
			);
			defaultConfigurationIsVisible = 0;
			defaultConfigurationName = Release;
		};
		11371DEC2BEFC6D300A6A857 /* Build configuration list for PBXNativeTarget "MetalTriangle" */ = {
			isa = XCConfigurationList;
			buildConfigurations = (
				11371DED2BEFC6D300A6A857 /* Debug */,
				11371DEE2BEFC6D300A6A857 /* Release */,
			);
			defaultConfigurationIsVisible = 0;
			defaultConfigurationName = Release;
		};
/* End XCConfigurationList section */
	};
	rootObject = 11371DD62BEFC6D000A6A857 /* Project object */;
}
